{
  "version": 4,
  "terraform_version": "1.6.0",
  "serial": 123,
  "lineage": "26b02b83-7319-f75d-a1fa-9a00288d862c",
  "outputs": {
    "instance_id": {
      "value": "i-0b38dc496bb759178",
      "type": "string"
    },
    "instance_public_ip": {
      "value": "3.135.231.160",
      "type": "string"
    }
  },
  "resources": [
    {
      "mode": "managed",
      "type": "aws_eip",
      "name": "nat_eip",
      "provider": "provider[\"registry.terraform.io/hashicorp/aws\"]",
      "instances": [
        {
          "schema_version": 0,
          "attributes": {
            "address": null,
            "allocation_id": "eipalloc-0272b7f0c24f148ef",
            "associate_with_private_ip": null,
            "association_id": "eipassoc-0e8f4001c3f880cc9",
            "carrier_ip": "",
            "customer_owned_ip": "",
            "customer_owned_ipv4_pool": "",
            "domain": "vpc",
            "id": "eipalloc-0272b7f0c24f148ef",
            "instance": "",
            "network_border_group": "us-east-2",
            "network_interface": "eni-08c0605f160f2b02a",
            "private_dns": "ip-10-0-1-204.us-east-2.compute.internal",
            "private_ip": "10.0.1.204",
            "public_dns": "ec2-3-136-90-255.us-east-2.compute.amazonaws.com",
            "public_ip": "3.136.90.255",
            "public_ipv4_pool": "amazon",
            "tags": {},
            "tags_all": {},
            "timeouts": null,
            "vpc": true
          },
          "sensitive_attributes": [],
          "private": "eyJlMmJmYjczMC1lY2FhLTExZTYtOGY4OC0zNDM2M2JjN2M0YzAiOnsiZGVsZXRlIjoxODAwMDAwMDAwMDAsInJlYWQiOjkwMDAwMDAwMDAwMCwidXBkYXRlIjozMDAwMDAwMDAwMDB9fQ==",
          "dependencies": [
            "aws_internet_gateway.ig",
            "aws_vpc.vpc"
          ]
        }
      ]
    },
    {
      "mode": "managed",
      "type": "aws_instance",
      "name": "test-web-server",
      "provider": "provider[\"registry.terraform.io/hashicorp/aws\"]",
      "instances": [
        {
          "schema_version": 1,
          "attributes": {
            "ami": "ami-024e6efaf93d85776",
            "arn": "arn:aws:ec2:us-east-2:733922282178:instance/i-0b38dc496bb759178",
            "associate_public_ip_address": true,
            "availability_zone": "us-east-2b",
            "capacity_reservation_specification": [
              {
                "capacity_reservation_preference": "open",
                "capacity_reservation_target": []
              }
            ],
            "cpu_core_count": 1,
            "cpu_options": [
              {
                "amd_sev_snp": "",
                "core_count": 1,
                "threads_per_core": 1
              }
            ],
            "cpu_threads_per_core": 1,
            "credit_specification": [
              {
                "cpu_credits": "standard"
              }
            ],
            "disable_api_stop": false,
            "disable_api_termination": false,
            "ebs_block_device": [],
            "ebs_optimized": false,
            "enclave_options": [
              {
                "enabled": false
              }
            ],
            "ephemeral_block_device": [],
            "get_password_data": false,
            "hibernation": false,
            "host_id": "",
            "host_resource_group_arn": null,
            "iam_instance_profile": "",
            "id": "i-0b38dc496bb759178",
            "instance_initiated_shutdown_behavior": "stop",
            "instance_state": "running",
            "instance_type": "t2.micro",
            "ipv6_address_count": 0,
            "ipv6_addresses": [],
            "key_name": "test-key",
            "launch_template": [],
            "maintenance_options": [
              {
                "auto_recovery": "default"
              }
            ],
            "metadata_options": [
              {
                "http_endpoint": "enabled",
                "http_put_response_hop_limit": 1,
                "http_tokens": "optional",
                "instance_metadata_tags": "disabled"
              }
            ],
            "monitoring": false,
            "network_interface": [],
            "outpost_arn": "",
            "password_data": "",
            "placement_group": "",
            "placement_partition_number": 0,
            "primary_network_interface_id": "eni-02764c8797f860ad6",
            "private_dns": "ip-10-0-2-151.us-east-2.compute.internal",
            "private_dns_name_options": [
              {
                "enable_resource_name_dns_a_record": false,
                "enable_resource_name_dns_aaaa_record": false,
                "hostname_type": "ip-name"
              }
            ],
            "private_ip": "10.0.2.151",
            "public_dns": "ec2-3-135-231-160.us-east-2.compute.amazonaws.com",
            "public_ip": "3.135.231.160",
            "root_block_device": [
              {
                "delete_on_termination": true,
                "device_name": "/dev/sda1",
                "encrypted": false,
                "iops": 100,
                "kms_key_id": "",
                "tags": {},
                "throughput": 0,
                "volume_id": "vol-0edb9f1f0e2521aba",
                "volume_size": 8,
                "volume_type": "gp2"
              }
            ],
            "secondary_private_ips": [],
            "security_groups": [],
            "source_dest_check": true,
            "subnet_id": "subnet-05f1865613b392e82",
            "tags": {
              "Environment": "{$var.environment}",
              "Name": "test-web-server"
            },
            "tags_all": {
              "Environment": "{$var.environment}",
              "Name": "test-web-server"
            },
            "tenancy": "default",
            "timeouts": null,
            "user_data": "a22e9f2b6ff58e81923e6a7303f0107932da821d",
            "user_data_base64": null,
            "user_data_replace_on_change": false,
            "volume_tags": null,
            "vpc_security_group_ids": [
              "sg-0568af3da58d99d9e"
            ]
          },
          "sensitive_attributes": [],
          "private": "eyJlMmJmYjczMC1lY2FhLTExZTYtOGY4OC0zNDM2M2JjN2M0YzAiOnsiY3JlYXRlIjo2MDAwMDAwMDAwMDAsImRlbGV0ZSI6MTIwMDAwMDAwMDAwMCwidXBkYXRlIjo2MDAwMDAwMDAwMDB9LCJzY2hlbWFfdmVyc2lvbiI6IjEifQ==",
          "dependencies": [
            "aws_security_group.test-sg",
            "aws_subnet.public_subnet",
            "aws_vpc.vpc"
          ]
        }
      ]
    },
    {
      "mode": "managed",
      "type": "aws_internet_gateway",
      "name": "ig",
      "provider": "provider[\"registry.terraform.io/hashicorp/aws\"]",
      "instances": [
        {
          "schema_version": 0,
          "attributes": {
            "arn": "arn:aws:ec2:us-east-2:733922282178:internet-gateway/igw-071cff1742b353c95",
            "id": "igw-071cff1742b353c95",
            "owner_id": "733922282178",
            "tags": {
              "Environment": "terraform-dev",
              "Name": "terraform-dev-igw"
            },
            "tags_all": {
              "Environment": "terraform-dev",
              "Name": "terraform-dev-igw"
            },
            "timeouts": null,
            "vpc_id": "vpc-0eb445c9ca3289960"
          },
          "sensitive_attributes": [],
          "private": "eyJlMmJmYjczMC1lY2FhLTExZTYtOGY4OC0zNDM2M2JjN2M0YzAiOnsiY3JlYXRlIjoxMjAwMDAwMDAwMDAwLCJkZWxldGUiOjEyMDAwMDAwMDAwMDAsInVwZGF0ZSI6MTIwMDAwMDAwMDAwMH19",
          "dependencies": [
            "aws_vpc.vpc"
          ]
        }
      ]
    },
    {
      "mode": "managed",
      "type": "aws_key_pair",
      "name": "test-key",
      "provider": "provider[\"registry.terraform.io/hashicorp/aws\"]",
      "instances": [
        {
          "schema_version": 1,
          "attributes": {
            "arn": "arn:aws:ec2:us-east-2:733922282178:key-pair/test-key",
            "fingerprint": "d6:5f:46:4b:64:d4:9f:16:1b:b4:12:2f:32:76:70:32",
            "id": "test-key",
            "key_name": "test-key",
            "key_name_prefix": "",
            "key_pair_id": "key-0c565af98c97de7d4",
            "key_type": "rsa",
            "public_key": "ssh-rsa AAAAB3NzaC1yc2EAAAADAQABAAACAQDwgn27hj5vRhwbAJEr3/bN8PgAyUSiyLPbxbIwxbkjEgeNjUsdMr2PBJbUXBzlVZzlePyz1EpsD5DrMyCjM8IWm6QL6Znochssxnp93QfJypJIIEfye/4I3R9QmTrD+a0cowu5QYLNc8yfRwgFSYosrOz6iE7FyANk8nbfFTRTxAu+TSZhZVKm9yfgOJiy8wSBgXRTEW874mczrQwdZlwCIqFGdQKk9fj3c683AzqbnqGrio/vQZC27d629DVDe00KxXp8xspjJxCx+1Dvk1aJPunKItCjrCHS2G4Q16gpaq+SeljN636V6ViZVDQvIa8ma/Tei7uGGNQ3CqkS2zitW/ubgoCp+8FlOoGT274AsGkYrGEBY2RHGLr9ZrO8JOKApUUVAJnvrIR0ZrhRbQeSQPd8voi1CQMKVmVjv2wbXDse/yiTln1Oop0ZLZ9WPzXTYoYI2HX8yTW7lER/8lXeoUX9Lm56adDH6VrSyIgqnk7zD8qxfC6751DuUg0qTiGubVEkehe2+xk+9MZTXsCo1jgZW6HNAk6mWQ+nWkeaoWbtTyhyPI5CqLXl53bX/S+qPaPmvPD8+fMAPyL/9difoVbQ4kD0GsOA0Znip7MvcipQ/9xl7DRRz0mez1HTbytOwrh1fg+lfgFgXZyIWvYTGxF/O6o1/DpiIPLt0UwSRw==",
            "tags": {},
            "tags_all": {}
          },
          "sensitive_attributes": [],
          "private": "eyJzY2hlbWFfdmVyc2lvbiI6IjEifQ==",
          "dependencies": [
            "tls_private_key.rsa-key"
          ]
        }
      ]
    },
    {
      "mode": "managed",
      "type": "aws_nat_gateway",
      "name": "nat",
      "provider": "provider[\"registry.terraform.io/hashicorp/aws\"]",
      "instances": [
        {
          "schema_version": 0,
          "attributes": {
            "allocation_id": "eipalloc-0272b7f0c24f148ef",
            "association_id": "eipassoc-0e8f4001c3f880cc9",
            "connectivity_type": "public",
            "id": "nat-0c6b60a7ad1a2ac88",
            "network_interface_id": "eni-08c0605f160f2b02a",
            "private_ip": "10.0.1.204",
            "public_ip": "3.136.90.255",
            "subnet_id": "subnet-046591ca23892c4dd",
            "tags": {
              "Environment": "terraform-dev",
              "Name": "nat-gateway-terraform-dev"
            },
            "tags_all": {
              "Environment": "terraform-dev",
              "Name": "nat-gateway-terraform-dev"
            }
          },
          "sensitive_attributes": [],
          "private": "bnVsbA==",
          "dependencies": [
            "aws_eip.nat_eip",
            "aws_internet_gateway.ig",
            "aws_subnet.public_subnet",
            "aws_vpc.vpc"
          ]
        }
      ]
    },
    {
      "mode": "managed",
      "type": "aws_route",
      "name": "private_internet_gateway",
      "provider": "provider[\"registry.terraform.io/hashicorp/aws\"]",
      "instances": [
        {
          "schema_version": 0,
          "attributes": {
            "carrier_gateway_id": "",
            "core_network_arn": "",
            "destination_cidr_block": "0.0.0.0/0",
            "destination_ipv6_cidr_block": "",
            "destination_prefix_list_id": "",
            "egress_only_gateway_id": "",
            "gateway_id": "",
            "id": "r-rtb-0d7de275fd3c82a5b1080289494",
            "instance_id": "",
            "instance_owner_id": "",
            "local_gateway_id": "",
            "nat_gateway_id": "nat-0c6b60a7ad1a2ac88",
            "network_interface_id": "",
            "origin": "CreateRoute",
            "route_table_id": "rtb-0d7de275fd3c82a5b",
            "state": "active",
            "timeouts": null,
            "transit_gateway_id": "",
            "vpc_endpoint_id": "",
            "vpc_peering_connection_id": ""
          },
          "sensitive_attributes": [],
          "private": "eyJlMmJmYjczMC1lY2FhLTExZTYtOGY4OC0zNDM2M2JjN2M0YzAiOnsiY3JlYXRlIjozMDAwMDAwMDAwMDAsImRlbGV0ZSI6MzAwMDAwMDAwMDAwLCJ1cGRhdGUiOjEyMDAwMDAwMDAwMH19",
          "dependencies": [
            "aws_eip.nat_eip",
            "aws_internet_gateway.ig",
            "aws_nat_gateway.nat",
            "aws_route_table.private",
            "aws_subnet.public_subnet",
            "aws_vpc.vpc"
          ]
        }
      ]
    },
    {
      "mode": "managed",
      "type": "aws_route",
      "name": "public_internet_gateway",
      "provider": "provider[\"registry.terraform.io/hashicorp/aws\"]",
      "instances": [
        {
          "schema_version": 0,
          "attributes": {
            "carrier_gateway_id": "",
            "core_network_arn": "",
            "destination_cidr_block": "0.0.0.0/0",
            "destination_ipv6_cidr_block": "",
            "destination_prefix_list_id": "",
            "egress_only_gateway_id": "",
            "gateway_id": "igw-071cff1742b353c95",
            "id": "r-rtb-0039500e71de70aec1080289494",
            "instance_id": "",
            "instance_owner_id": "",
            "local_gateway_id": "",
            "nat_gateway_id": "",
            "network_interface_id": "",
            "origin": "CreateRoute",
            "route_table_id": "rtb-0039500e71de70aec",
            "state": "active",
            "timeouts": null,
            "transit_gateway_id": "",
            "vpc_endpoint_id": "",
            "vpc_peering_connection_id": ""
          },
          "sensitive_attributes": [],
          "private": "eyJlMmJmYjczMC1lY2FhLTExZTYtOGY4OC0zNDM2M2JjN2M0YzAiOnsiY3JlYXRlIjozMDAwMDAwMDAwMDAsImRlbGV0ZSI6MzAwMDAwMDAwMDAwLCJ1cGRhdGUiOjEyMDAwMDAwMDAwMH19",
          "dependencies": [
            "aws_internet_gateway.ig",
            "aws_route_table.public",
            "aws_vpc.vpc"
          ]
        }
      ]
    },
    {
      "mode": "managed",
      "type": "aws_route_table",
      "name": "private",
      "provider": "provider[\"registry.terraform.io/hashicorp/aws\"]",
      "instances": [
        {
          "schema_version": 0,
          "attributes": {
            "arn": "arn:aws:ec2:us-east-2:733922282178:route-table/rtb-0d7de275fd3c82a5b",
            "id": "rtb-0d7de275fd3c82a5b",
            "owner_id": "733922282178",
            "propagating_vgws": [],
            "route": [
              {
                "carrier_gateway_id": "",
                "cidr_block": "0.0.0.0/0",
                "core_network_arn": "",
                "destination_prefix_list_id": "",
                "egress_only_gateway_id": "",
                "gateway_id": "",
                "instance_id": "",
                "ipv6_cidr_block": "",
                "local_gateway_id": "",
                "nat_gateway_id": "nat-0c6b60a7ad1a2ac88",
                "network_interface_id": "",
                "transit_gateway_id": "",
                "vpc_endpoint_id": "",
                "vpc_peering_connection_id": ""
              }
            ],
            "tags": {
              "Environment": "terraform-dev",
              "Name": "terraform-dev-private-route-table"
            },
            "tags_all": {
              "Environment": "terraform-dev",
              "Name": "terraform-dev-private-route-table"
            },
            "timeouts": null,
            "vpc_id": "vpc-0eb445c9ca3289960"
          },
          "sensitive_attributes": [],
          "private": "eyJlMmJmYjczMC1lY2FhLTExZTYtOGY4OC0zNDM2M2JjN2M0YzAiOnsiY3JlYXRlIjozMDAwMDAwMDAwMDAsImRlbGV0ZSI6MzAwMDAwMDAwMDAwLCJ1cGRhdGUiOjEyMDAwMDAwMDAwMH19",
          "dependencies": [
            "aws_vpc.vpc"
          ]
        }
      ]
    },
    {
      "mode": "managed",
      "type": "aws_route_table",
      "name": "public",
      "provider": "provider[\"registry.terraform.io/hashicorp/aws\"]",
      "instances": [
        {
          "schema_version": 0,
          "attributes": {
            "arn": "arn:aws:ec2:us-east-2:733922282178:route-table/rtb-0039500e71de70aec",
            "id": "rtb-0039500e71de70aec",
            "owner_id": "733922282178",
            "propagating_vgws": [],
            "route": [
              {
                "carrier_gateway_id": "",
                "cidr_block": "0.0.0.0/0",
                "core_network_arn": "",
                "destination_prefix_list_id": "",
                "egress_only_gateway_id": "",
                "gateway_id": "igw-071cff1742b353c95",
                "instance_id": "",
                "ipv6_cidr_block": "",
                "local_gateway_id": "",
                "nat_gateway_id": "",
                "network_interface_id": "",
                "transit_gateway_id": "",
                "vpc_endpoint_id": "",
                "vpc_peering_connection_id": ""
              }
            ],
            "tags": {
              "Environment": "terraform-dev",
              "Name": "terraform-dev-public-route-table"
            },
            "tags_all": {
              "Environment": "terraform-dev",
              "Name": "terraform-dev-public-route-table"
            },
            "timeouts": null,
            "vpc_id": "vpc-0eb445c9ca3289960"
          },
          "sensitive_attributes": [],
          "private": "eyJlMmJmYjczMC1lY2FhLTExZTYtOGY4OC0zNDM2M2JjN2M0YzAiOnsiY3JlYXRlIjozMDAwMDAwMDAwMDAsImRlbGV0ZSI6MzAwMDAwMDAwMDAwLCJ1cGRhdGUiOjEyMDAwMDAwMDAwMH19",
          "dependencies": [
            "aws_vpc.vpc"
          ]
        }
      ]
    },
    {
      "mode": "managed",
      "type": "aws_route_table_association",
      "name": "private",
      "provider": "provider[\"registry.terraform.io/hashicorp/aws\"]",
      "instances": [
        {
          "index_key": 0,
          "schema_version": 0,
          "attributes": {
            "gateway_id": "",
            "id": "rtbassoc-01b58390dcdce8c60",
            "route_table_id": "rtb-0d7de275fd3c82a5b",
            "subnet_id": "subnet-06bd80d6d446affd5",
            "timeouts": null
          },
          "sensitive_attributes": [],
          "private": "eyJlMmJmYjczMC1lY2FhLTExZTYtOGY4OC0zNDM2M2JjN2M0YzAiOnsiY3JlYXRlIjozMDAwMDAwMDAwMDAsImRlbGV0ZSI6MzAwMDAwMDAwMDAwLCJ1cGRhdGUiOjEyMDAwMDAwMDAwMH19",
          "dependencies": [
            "aws_route_table.private",
            "aws_subnet.private_subnet",
            "aws_vpc.vpc"
          ]
        },
        {
          "index_key": 1,
          "schema_version": 0,
          "attributes": {
            "gateway_id": "",
            "id": "rtbassoc-0368c238cad794ee1",
            "route_table_id": "rtb-0d7de275fd3c82a5b",
            "subnet_id": "subnet-04800e90fe95b6f72",
            "timeouts": null
          },
          "sensitive_attributes": [],
          "private": "eyJlMmJmYjczMC1lY2FhLTExZTYtOGY4OC0zNDM2M2JjN2M0YzAiOnsiY3JlYXRlIjozMDAwMDAwMDAwMDAsImRlbGV0ZSI6MzAwMDAwMDAwMDAwLCJ1cGRhdGUiOjEyMDAwMDAwMDAwMH19",
          "dependencies": [
            "aws_route_table.private",
            "aws_subnet.private_subnet",
            "aws_vpc.vpc"
          ]
        }
      ]
    },
    {
      "mode": "managed",
      "type": "aws_route_table_association",
      "name": "public",
      "provider": "provider[\"registry.terraform.io/hashicorp/aws\"]",
      "instances": [
        {
          "index_key": 0,
          "schema_version": 0,
          "attributes": {
            "gateway_id": "",
            "id": "rtbassoc-026ac085bea78e9ca",
            "route_table_id": "rtb-0039500e71de70aec",
            "subnet_id": "subnet-046591ca23892c4dd",
            "timeouts": null
          },
          "sensitive_attributes": [],
          "private": "eyJlMmJmYjczMC1lY2FhLTExZTYtOGY4OC0zNDM2M2JjN2M0YzAiOnsiY3JlYXRlIjozMDAwMDAwMDAwMDAsImRlbGV0ZSI6MzAwMDAwMDAwMDAwLCJ1cGRhdGUiOjEyMDAwMDAwMDAwMH19",
          "dependencies": [
            "aws_route_table.public",
            "aws_subnet.public_subnet",
            "aws_vpc.vpc"
          ]
        },
        {
          "index_key": 1,
          "schema_version": 0,
          "attributes": {
            "gateway_id": "",
            "id": "rtbassoc-086f978fb1d863af8",
            "route_table_id": "rtb-0039500e71de70aec",
            "subnet_id": "subnet-05f1865613b392e82",
            "timeouts": null
          },
          "sensitive_attributes": [],
          "private": "eyJlMmJmYjczMC1lY2FhLTExZTYtOGY4OC0zNDM2M2JjN2M0YzAiOnsiY3JlYXRlIjozMDAwMDAwMDAwMDAsImRlbGV0ZSI6MzAwMDAwMDAwMDAwLCJ1cGRhdGUiOjEyMDAwMDAwMDAwMH19",
          "dependencies": [
            "aws_route_table.public",
            "aws_subnet.public_subnet",
            "aws_vpc.vpc"
          ]
        }
      ]
    },
    {
      "mode": "managed",
      "type": "aws_security_group",
      "name": "test-sg",
      "provider": "provider[\"registry.terraform.io/hashicorp/aws\"]",
      "instances": [
        {
          "schema_version": 1,
          "attributes": {
            "arn": "arn:aws:ec2:us-east-2:733922282178:security-group/sg-0568af3da58d99d9e",
            "description": "Managed by Terraform",
            "egress": [
              {
                "cidr_blocks": [
                  "0.0.0.0/0"
                ],
                "description": "",
                "from_port": 0,
                "ipv6_cidr_blocks": [],
                "prefix_list_ids": [],
                "protocol": "-1",
                "security_groups": [],
                "self": false,
                "to_port": 0
              }
            ],
            "id": "sg-0568af3da58d99d9e",
            "ingress": [
              {
                "cidr_blocks": [
                  "0.0.0.0/0"
                ],
                "description": "",
                "from_port": 22,
                "ipv6_cidr_blocks": [],
                "prefix_list_ids": [],
                "protocol": "tcp",
                "security_groups": [],
                "self": false,
                "to_port": 22
              },
              {
                "cidr_blocks": [
                  "0.0.0.0/0"
                ],
                "description": "",
                "from_port": 8080,
                "ipv6_cidr_blocks": [],
                "prefix_list_ids": [],
                "protocol": "tcp",
                "security_groups": [],
                "self": false,
                "to_port": 8080
              }
            ],
            "name": "test-sg",
            "name_prefix": "",
            "owner_id": "733922282178",
            "revoke_rules_on_delete": false,
            "tags": {},
            "tags_all": {},
            "timeouts": null,
            "vpc_id": "vpc-0eb445c9ca3289960"
          },
          "sensitive_attributes": [],
          "private": "eyJlMmJmYjczMC1lY2FhLTExZTYtOGY4OC0zNDM2M2JjN2M0YzAiOnsiY3JlYXRlIjo2MDAwMDAwMDAwMDAsImRlbGV0ZSI6OTAwMDAwMDAwMDAwfSwic2NoZW1hX3ZlcnNpb24iOiIxIn0=",
          "dependencies": [
            "aws_vpc.vpc"
          ]
        }
      ]
    },
    {
      "mode": "managed",
      "type": "aws_subnet",
      "name": "private_subnet",
      "provider": "provider[\"registry.terraform.io/hashicorp/aws\"]",
      "instances": [
        {
          "index_key": 0,
          "schema_version": 1,
          "attributes": {
            "arn": "arn:aws:ec2:us-east-2:733922282178:subnet/subnet-06bd80d6d446affd5",
            "assign_ipv6_address_on_creation": false,
            "availability_zone": "us-east-2a",
            "availability_zone_id": "use2-az1",
            "cidr_block": "10.0.16.0/24",
            "customer_owned_ipv4_pool": "",
            "enable_dns64": false,
            "enable_lni_at_device_index": 0,
            "enable_resource_name_dns_a_record_on_launch": false,
            "enable_resource_name_dns_aaaa_record_on_launch": false,
            "id": "subnet-06bd80d6d446affd5",
            "ipv6_cidr_block": "",
            "ipv6_cidr_block_association_id": "",
            "ipv6_native": false,
            "map_customer_owned_ip_on_launch": false,
            "map_public_ip_on_launch": false,
            "outpost_arn": "",
            "owner_id": "733922282178",
            "private_dns_hostname_type_on_launch": "ip-name",
            "tags": {
              "Environment": "terraform-dev",
              "Name": "terraform-dev-us-east-2a-private-subnet"
            },
            "tags_all": {
              "Environment": "terraform-dev",
              "Name": "terraform-dev-us-east-2a-private-subnet"
            },
            "timeouts": null,
            "vpc_id": "vpc-0eb445c9ca3289960"
          },
          "sensitive_attributes": [],
          "private": "eyJlMmJmYjczMC1lY2FhLTExZTYtOGY4OC0zNDM2M2JjN2M0YzAiOnsiY3JlYXRlIjo2MDAwMDAwMDAwMDAsImRlbGV0ZSI6MTIwMDAwMDAwMDAwMH0sInNjaGVtYV92ZXJzaW9uIjoiMSJ9",
          "dependencies": [
            "aws_vpc.vpc"
          ]
        },
        {
          "index_key": 1,
          "schema_version": 1,
          "attributes": {
            "arn": "arn:aws:ec2:us-east-2:733922282178:subnet/subnet-04800e90fe95b6f72",
            "assign_ipv6_address_on_creation": false,
            "availability_zone": "us-east-2b",
            "availability_zone_id": "use2-az2",
            "cidr_block": "10.0.144.0/24",
            "customer_owned_ipv4_pool": "",
            "enable_dns64": false,
            "enable_lni_at_device_index": 0,
            "enable_resource_name_dns_a_record_on_launch": false,
            "enable_resource_name_dns_aaaa_record_on_launch": false,
            "id": "subnet-04800e90fe95b6f72",
            "ipv6_cidr_block": "",
            "ipv6_cidr_block_association_id": "",
            "ipv6_native": false,
            "map_customer_owned_ip_on_launch": false,
            "map_public_ip_on_launch": false,
            "outpost_arn": "",
            "owner_id": "733922282178",
            "private_dns_hostname_type_on_launch": "ip-name",
            "tags": {
              "Environment": "terraform-dev",
              "Name": "terraform-dev-us-east-2b-private-subnet"
            },
            "tags_all": {
              "Environment": "terraform-dev",
              "Name": "terraform-dev-us-east-2b-private-subnet"
            },
            "timeouts": null,
            "vpc_id": "vpc-0eb445c9ca3289960"
          },
          "sensitive_attributes": [],
          "private": "eyJlMmJmYjczMC1lY2FhLTExZTYtOGY4OC0zNDM2M2JjN2M0YzAiOnsiY3JlYXRlIjo2MDAwMDAwMDAwMDAsImRlbGV0ZSI6MTIwMDAwMDAwMDAwMH0sInNjaGVtYV92ZXJzaW9uIjoiMSJ9",
          "dependencies": [
            "aws_vpc.vpc"
          ]
        }
      ]
    },
    {
      "mode": "managed",
      "type": "aws_subnet",
      "name": "public_subnet",
      "provider": "provider[\"registry.terraform.io/hashicorp/aws\"]",
      "instances": [
        {
          "index_key": 0,
          "schema_version": 1,
          "attributes": {
            "arn": "arn:aws:ec2:us-east-2:733922282178:subnet/subnet-046591ca23892c4dd",
            "assign_ipv6_address_on_creation": false,
            "availability_zone": "us-east-2a",
            "availability_zone_id": "use2-az1",
            "cidr_block": "10.0.1.0/24",
            "customer_owned_ipv4_pool": "",
            "enable_dns64": false,
            "enable_lni_at_device_index": 0,
            "enable_resource_name_dns_a_record_on_launch": false,
            "enable_resource_name_dns_aaaa_record_on_launch": false,
            "id": "subnet-046591ca23892c4dd",
            "ipv6_cidr_block": "",
            "ipv6_cidr_block_association_id": "",
            "ipv6_native": false,
            "map_customer_owned_ip_on_launch": false,
            "map_public_ip_on_launch": true,
            "outpost_arn": "",
            "owner_id": "733922282178",
            "private_dns_hostname_type_on_launch": "ip-name",
            "tags": {
              "Environment": "terraform-dev",
              "Name": "terraform-dev-us-east-2a-public-subnet"
            },
            "tags_all": {
              "Environment": "terraform-dev",
              "Name": "terraform-dev-us-east-2a-public-subnet"
            },
            "timeouts": null,
            "vpc_id": "vpc-0eb445c9ca3289960"
          },
          "sensitive_attributes": [],
          "private": "eyJlMmJmYjczMC1lY2FhLTExZTYtOGY4OC0zNDM2M2JjN2M0YzAiOnsiY3JlYXRlIjo2MDAwMDAwMDAwMDAsImRlbGV0ZSI6MTIwMDAwMDAwMDAwMH0sInNjaGVtYV92ZXJzaW9uIjoiMSJ9",
          "dependencies": [
            "aws_vpc.vpc"
          ]
        },
        {
          "index_key": 1,
          "schema_version": 1,
          "attributes": {
            "arn": "arn:aws:ec2:us-east-2:733922282178:subnet/subnet-05f1865613b392e82",
            "assign_ipv6_address_on_creation": false,
            "availability_zone": "us-east-2b",
            "availability_zone_id": "use2-az2",
            "cidr_block": "10.0.2.0/24",
            "customer_owned_ipv4_pool": "",
            "enable_dns64": false,
            "enable_lni_at_device_index": 0,
            "enable_resource_name_dns_a_record_on_launch": false,
            "enable_resource_name_dns_aaaa_record_on_launch": false,
            "id": "subnet-05f1865613b392e82",
            "ipv6_cidr_block": "",
            "ipv6_cidr_block_association_id": "",
            "ipv6_native": false,
            "map_customer_owned_ip_on_launch": false,
            "map_public_ip_on_launch": true,
            "outpost_arn": "",
            "owner_id": "733922282178",
            "private_dns_hostname_type_on_launch": "ip-name",
            "tags": {
              "Environment": "terraform-dev",
              "Name": "terraform-dev-us-east-2b-public-subnet"
            },
            "tags_all": {
              "Environment": "terraform-dev",
              "Name": "terraform-dev-us-east-2b-public-subnet"
            },
            "timeouts": null,
            "vpc_id": "vpc-0eb445c9ca3289960"
          },
          "sensitive_attributes": [],
          "private": "eyJlMmJmYjczMC1lY2FhLTExZTYtOGY4OC0zNDM2M2JjN2M0YzAiOnsiY3JlYXRlIjo2MDAwMDAwMDAwMDAsImRlbGV0ZSI6MTIwMDAwMDAwMDAwMH0sInNjaGVtYV92ZXJzaW9uIjoiMSJ9",
          "dependencies": [
            "aws_vpc.vpc"
          ]
        }
      ]
    },
    {
      "mode": "managed",
      "type": "aws_vpc",
      "name": "vpc",
      "provider": "provider[\"registry.terraform.io/hashicorp/aws\"]",
      "instances": [
        {
          "schema_version": 1,
          "attributes": {
            "arn": "arn:aws:ec2:us-east-2:733922282178:vpc/vpc-0eb445c9ca3289960",
            "assign_generated_ipv6_cidr_block": false,
            "cidr_block": "10.0.0.0/16",
            "default_network_acl_id": "acl-0a115611c45ba14c5",
            "default_route_table_id": "rtb-0076306d94775936c",
            "default_security_group_id": "sg-0108955736cf95c86",
            "dhcp_options_id": "dopt-0876a5158386099e6",
            "enable_classiclink": false,
            "enable_classiclink_dns_support": false,
            "enable_dns_hostnames": true,
            "enable_dns_support": true,
            "enable_network_address_usage_metrics": false,
            "id": "vpc-0eb445c9ca3289960",
            "instance_tenancy": "default",
            "ipv4_ipam_pool_id": null,
            "ipv4_netmask_length": null,
            "ipv6_association_id": "",
            "ipv6_cidr_block": "",
            "ipv6_cidr_block_network_border_group": "",
            "ipv6_ipam_pool_id": "",
            "ipv6_netmask_length": 0,
            "main_route_table_id": "rtb-0076306d94775936c",
            "owner_id": "733922282178",
            "tags": {
              "Environment": "terraform-dev",
              "Name": "terraform-dev-vpc"
            },
            "tags_all": {
              "Environment": "terraform-dev",
              "Name": "terraform-dev-vpc"
            }
          },
          "sensitive_attributes": [],
          "private": "eyJzY2hlbWFfdmVyc2lvbiI6IjEifQ=="
        }
      ]
    },
    {
      "mode": "managed",
      "type": "local_file",
      "name": "test-key-private",
      "provider": "provider[\"registry.terraform.io/hashicorp/local\"]",
      "instances": [
        {
          "schema_version": 0,
          "attributes": {
            "content": "-----BEGIN RSA PRIVATE KEY-----\nMIIJKQIBAAKCAgEA8IJ9u4Y+b0YcGwCRK9/2zfD4AMlEosiz28WyMMW5IxIHjY1L\nHTK9jwSW1Fwc5VWc5Xj8s9RKbA+Q6zMgozPCFpukC+mZ6HIbLMZ6fd0HycqSSCBH\n8nv+CN0fUJk6w/mtHKMLuUGCzXPMn0cIBUmKLKzs+ohOxcgDZPJ23xU0U8QLvk0m\nYWVSpvcn4DiYsvMEgYF0UxFvO+JnM60MHWZcAiKhRnUCpPX493OvNwM6m56hq4qP\n70GQtu3etvQ1Q3tNCsV6fMbKYycQsftQ75NWiT7pyiLQo6wh0thuENeoKWqvknpY\nzet+lelYmVQ0LyGvJmv03ou7hhjUNwqpEts4rVv7m4KAqfvBZTqBk9u+ALBpGKxh\nAWNkRxi6/WazvCTigKVFFQCZ76yEdGa4UW0HkkD3fL6ItQkDClZlY79sG1w7Hv8o\nk5Z9TqKdGS2fVj8102KGCNh1/Mk1u5REf/JV3qFF/S5uemnQx+la0siIKp5O8w/K\nsXwuu+dQ7lINKk4hrm1RJHoXtvsZPvTGU17AqNY4GVuhzQJOplkPp1pHmqFm7U8o\ncjyOQqi15ed21/0vqj2j5rzw/PnzAD8i//XYn6FW0OJA9BrDgNGZ4qezL3IqUP/c\nZew0Uc9Jns9R028rTsK4dX4PpX4BYF2ciFr2ExsRfzuqNfw6YiDy7dFMEkcCAwEA\nAQKCAgAUOmVoyDmoEjV67+lFz2hqmcHCDyt+pXK7IT2DbJ3NnU6VUTToF8RpqvEk\nmzqy7yhrBGn8lfZMcGK35WzxTQEd9akud09ChZZThb33qAdnqWn0NwLWGiebhz2D\nAeA3a2Br8CqkQiZGMV8cZlT+XNkKOOEVkTFO4Sun6dyllpr4EJ0MPGDmACebc14f\nNaNiKZ5PZhvqgKTiXIBhkERclKdYZqE5082NIkL2TPyHm/Xp8MWYL+c7MECDoi4B\nJTj1nAE2zrUmmXGcNUTqM0DzZWj50hjHr3XsziVqHlnjgL/b++UYZMHjT9MtuJqD\nCtn4vNSGXr4RmZ8EAEKY/oSJ2XZCtKQeHpBRVKOfE+oNWg3DGBqOinozxKCwgrIl\nAScPjLNZkaHnHVoestJZXc/NbsO0d5Q8qK/8XnXVjwXn2qK8OFqNlGIZ7SvbcR9v\n3hjYQ/BzkjQk7SGBUtyW6A7RXKwfZSJUQoMTw/AqJiYj4RY7jSLs1GGy84n6xMLu\nx4MfraZ8F8+Jb/fAdXesw2Jdb13awdE9easOk1HpSZPmUeGQvnNHBvU2Q3EzZZRo\npLMS3S2eQiCou8n7OObEpfJz09bibK+JgAP09VaorYg9FECCu5I0cqT7X0qpUiNH\nv0+Ke7feQxKLp71kHsPnh05OulYmNu+Lm1bm3oeDUZcEFk5bgQKCAQEA9feHzADh\nV1IxANaAaZeAn7MSt8GCwpRa6OQtMYw5pn2TQk5A+rB1+UrTuXH78b5fCffQlnLc\nxc5D1nDH75oCHjKrzX6qqsc3CpVdlGazxoC/6uTFlKPoRI9oTBk6pVXsePrb/Yld\nzqxdl/3HuD/HInGjw4vEfMfydiabL6P2dlvGf+f+FP7B9Mo/uWXTByJ6yBMKAO/S\nmU2RycPZOtSCwN3oO4NSQcnaFyeF6GDSHwTS1HAIKKhtICveU1QkkgDgfyeWqk2C\naWMWxg8FwQTB4OJ0GwYWuefxYtqLmJuKZkwZrueeW9yJVfL2eNGio6ADbylgsIxa\nop5sIbUWmuUzzwKCAQEA+lH5lGOM9rBsuQ73BGXL9hF8/YF694xu0PhEWb/QWFx2\nQhs0qVaGGnfaobPKlltBjYmxgEyZitBE+Urcb9b7X+a8EVp53DWBoHE1NfvGqVj0\nIi+boqO1MqIn90azHk0KP/4nSFVmlz6DSkpfEgrd8JpWwtbsAuNV8pKREflnFMsG\n2G9ojenABY8sDDrvukxW8PpdPs3VVIvTv1tqRzYJYsN4hqEquWYWgxMaF860fG0w\nmHCr12iPt4Cmt9UXShRj7+8Ic4R9hbymyP3sTDot16V+S1HBztA/4CUMZ8pEDZfG\n9g3Vio60TNbCi7hpN0uh08RVBxlLrafDyUIJH/7ACQKCAQEA5kZz0D4SudmtHwey\n+ShptxnDsF1uuhSCd/8HgJezcXenYjA5DXofOOEhD0DziwObno1vryqiHl5ZjG3S\nATPCP9tYlO69gV043qOwFLuCG5l2E8dSYzKAxY8tKfGEwj2LQkg5pUfxlwgwJ5fk\nX072c/zIQM6dieT3zj2elB+BIpYRZLYhXi6UD0U6G6yEwO063g1VFENyeyvwDWFa\nAoXqU/5s6Sqs3ALKN1s9Nq1OitPNPi4UtVvZroDjiEgCZN6FTwYVPCOMsHWgYJS3\n4lk92fiokpREuo+3ocDRaHJWRCeC9AjMbVwvB1SMA9jf1yh7jprCdwcv44dF3NjY\n7PMgaQKCAQEA8M5HcI7MHszd6rEQxLRBH/j26tDSwK3iNTmAV26FOVvJkBKn+Hd6\nDqBaPNC/BSHI0CY0EZ6e3sE4eTGhGh4QONO4/GCzdjoq93OworwRAvzF7tUpva4L\nNCh2lhT3XyDxyVnv5E/zn2/N0Xv2NV8q3rk62bjz1ltoZTDGSipJFeGyNigGxu6l\ngTOYRjO0Rt4FjVDsvuw4W1sgWqfQd6zuHoq4uZr1hOFGqtWHdnuteT15UEyjo1e9\nWeRzfcmK3AL9mOW0lZxRPISdViGgXjxhuWBFPKPr8862hCRf6MDV8tWd2zq3wNFD\ndd/ry4md/knN5fCrc2bMPMR1Pnk+Wf8yMQKCAQBfUrcuAGB0WpiuAFech3tKpiSV\nVRuSOdPXRG7yAlv0+AQ1AdTrYnsOwc62t8gGt3t5o9QJtqTIGBxAbN4qfvcrZSko\nUek3htNe5n8sUauNivMLu/5ASMtt9IlQb1YH9eonDMmRqkttTT5UpZwof905lFJA\n9Jpv4MKOUG1MGHJAZdVte2rhD6EC0c6S23iWfsVxQqyptOw5ynXSw7AHS7FQ/SC6\nH+OjANX98fPr++iCp7SUmRGdliyUo2sIpSNlEaj9u9Djnkgz5rRF2E6bK9E/wauh\nb980qfL6dACxAUBaWliIHhBLwunfXWlxrWmsle1XCfqn99AZOI7noVyao6S+\n-----END RSA PRIVATE KEY-----\n",
            "content_base64": null,
            "content_base64sha256": "xNkAxo03iUmymvkbZFsbrDvJEwvkJBDy0HuN7py5eag=",
            "content_base64sha512": "QW6TLtx8H8iqj/E2vuc/jIUwgmRCgTLzDej2pcpB0L8n+y6sUCw/UdYybuJOElfEox78sCNWnJGWYiF9Jp5g/A==",
            "content_md5": "2a8de94bec9011e3159ddaa66d5f0c69",
            "content_sha1": "8fcd28ae17d43249ccf1511bacd466099e3ea210",
            "content_sha256": "c4d900c68d378949b29af91b645b1bac3bc9130be42410f2d07b8dee9cb979a8",
            "content_sha512": "416e932edc7c1fc8aa8ff136bee73f8c85308264428132f30de8f6a5ca41d0bf27fb2eac502c3f51d6326ee24e1257c4a31efcb023569c919662217d269e60fc",
            "directory_permission": "0777",
            "file_permission": "0777",
            "filename": "test-key.pem",
            "id": "8fcd28ae17d43249ccf1511bacd466099e3ea210",
            "sensitive_content": null,
            "source": null
          },
          "sensitive_attributes": [
            [
              {
                "type": "get_attr",
                "value": "content"
              }
            ]
          ],
          "dependencies": [
            "tls_private_key.rsa-key"
          ]
        }
      ]
    },
    {
      "mode": "managed",
      "type": "tls_private_key",
      "name": "rsa-key",
      "provider": "provider[\"registry.terraform.io/hashicorp/tls\"]",
      "instances": [
        {
          "schema_version": 1,
          "attributes": {
            "algorithm": "RSA",
            "ecdsa_curve": "P224",
            "id": "7d266e2418f8e40a547cbefc833f9469d4df147a",
            "private_key_openssh": "-----BEGIN OPENSSH PRIVATE KEY-----\nb3BlbnNzaC1rZXktdjEAAAAABG5vbmUAAAAEbm9uZQAAAAAAAAABAAACFwAAAAdz\nc2gtcnNhAAAAAwEAAQAAAgEA8IJ9u4Y+b0YcGwCRK9/2zfD4AMlEosiz28WyMMW5\nIxIHjY1LHTK9jwSW1Fwc5VWc5Xj8s9RKbA+Q6zMgozPCFpukC+mZ6HIbLMZ6fd0H\nycqSSCBH8nv+CN0fUJk6w/mtHKMLuUGCzXPMn0cIBUmKLKzs+ohOxcgDZPJ23xU0\nU8QLvk0mYWVSpvcn4DiYsvMEgYF0UxFvO+JnM60MHWZcAiKhRnUCpPX493OvNwM6\nm56hq4qP70GQtu3etvQ1Q3tNCsV6fMbKYycQsftQ75NWiT7pyiLQo6wh0thuENeo\nKWqvknpYzet+lelYmVQ0LyGvJmv03ou7hhjUNwqpEts4rVv7m4KAqfvBZTqBk9u+\nALBpGKxhAWNkRxi6/WazvCTigKVFFQCZ76yEdGa4UW0HkkD3fL6ItQkDClZlY79s\nG1w7Hv8ok5Z9TqKdGS2fVj8102KGCNh1/Mk1u5REf/JV3qFF/S5uemnQx+la0siI\nKp5O8w/KsXwuu+dQ7lINKk4hrm1RJHoXtvsZPvTGU17AqNY4GVuhzQJOplkPp1pH\nmqFm7U8ocjyOQqi15ed21/0vqj2j5rzw/PnzAD8i//XYn6FW0OJA9BrDgNGZ4qez\nL3IqUP/cZew0Uc9Jns9R028rTsK4dX4PpX4BYF2ciFr2ExsRfzuqNfw6YiDy7dFM\nEkcAAAc4NDbOejQ2znoAAAAHc3NoLXJzYQAAAgEA8IJ9u4Y+b0YcGwCRK9/2zfD4\nAMlEosiz28WyMMW5IxIHjY1LHTK9jwSW1Fwc5VWc5Xj8s9RKbA+Q6zMgozPCFpuk\nC+mZ6HIbLMZ6fd0HycqSSCBH8nv+CN0fUJk6w/mtHKMLuUGCzXPMn0cIBUmKLKzs\n+ohOxcgDZPJ23xU0U8QLvk0mYWVSpvcn4DiYsvMEgYF0UxFvO+JnM60MHWZcAiKh\nRnUCpPX493OvNwM6m56hq4qP70GQtu3etvQ1Q3tNCsV6fMbKYycQsftQ75NWiT7p\nyiLQo6wh0thuENeoKWqvknpYzet+lelYmVQ0LyGvJmv03ou7hhjUNwqpEts4rVv7\nm4KAqfvBZTqBk9u+ALBpGKxhAWNkRxi6/WazvCTigKVFFQCZ76yEdGa4UW0HkkD3\nfL6ItQkDClZlY79sG1w7Hv8ok5Z9TqKdGS2fVj8102KGCNh1/Mk1u5REf/JV3qFF\n/S5uemnQx+la0siIKp5O8w/KsXwuu+dQ7lINKk4hrm1RJHoXtvsZPvTGU17AqNY4\nGVuhzQJOplkPp1pHmqFm7U8ocjyOQqi15ed21/0vqj2j5rzw/PnzAD8i//XYn6FW\n0OJA9BrDgNGZ4qezL3IqUP/cZew0Uc9Jns9R028rTsK4dX4PpX4BYF2ciFr2ExsR\nfzuqNfw6YiDy7dFMEkcAAAADAQABAAACABQ6ZWjIOagSNXrv6UXPaGqZwcIPK36l\ncrshPYNsnc2dTpVRNOgXxGmq8SSbOrLvKGsEafyV9kxwYrflbPFNAR31qS53T0KF\nllOFvfeoB2epafQ3AtYaJ5uHPYMB4DdrYGvwKqRCJkYxXxxmVP5c2Qo44RWRMU7h\nK6fp3KWWmvgQnQw8YOYAJ5tzXh81o2Ipnk9mG+qApOJcgGGQRFyUp1hmoTnTzY0i\nQvZM/Ieb9enwxZgv5zswQIOiLgElOPWcATbOtSaZcZw1ROozQPNlaPnSGMevdezO\nJWoeWeOAv9v75RhkweNP0y24moMK2fi81IZevhGZnwQAQpj+hInZdkK0pB4ekFFU\no58T6g1aDcMYGo6KejPEoLCCsiUBJw+Ms1mRoecdWh6y0lldz81uw7R3lDyor/xe\nddWPBefaorw4Wo2UYhntK9txH2/eGNhD8HOSNCTtIYFS3JboDtFcrB9lIlRCgxPD\n8ComJiPhFjuNIuzUYbLzifrEwu7Hgx+tpnwXz4lv98B1d6zDYl1vXdrB0T15qw6T\nUelJk+ZR4ZC+c0cG9TZDcTNllGiksxLdLZ5CIKi7yfs45sSl8nPT1uJsr4mAA/T1\nVqitiD0UQIK7kjRypPtfSqlSI0e/T4p7t95DEounvWQew+eHTk66ViY274ubVube\nh4NRlwQWTluBAAABAF9Sty4AYHRamK4AV5yHe0qmJJVVG5I509dEbvICW/T4BDUB\n1Otiew7Bzra3yAa3e3mj1Am2pMgYHEBs3ip+9ytlKShR6TeG017mfyxRq42K8wu7\n/kBIy230iVBvVgf16icMyZGqS21NPlSlnCh/3TmUUkD0mm/gwo5QbUwYckBl1W17\nauEPoQLRzpLbeJZ+xXFCrKm07DnKddLDsAdLsVD9ILof46MA1f3x8+v76IKntJSZ\nEZ2WLJSjawilI2URqP270OOeSDPmtEXYTpsr0T/Bq6Fv3zSp8vp0ALEBQFpaWIge\nEEvC6d9daXGtaayV7VcJ+qf30Bk4juehXJqjpL4AAAEBAPX3h8wA4VdSMQDWgGmX\ngJ+zErfBgsKUWujkLTGMOaZ9k0JOQPqwdflK07lx+/G+Xwn30JZy3MXOQ9Zwx++a\nAh4yq81+qqrHNwqVXZRms8aAv+rkxZSj6ESPaEwZOqVV7Hj62/2JXc6sXZf9x7g/\nxyJxo8OLxHzH8nYmmy+j9nZbxn/n/hT+wfTKP7ll0wciesgTCgDv0plNkcnD2TrU\ngsDd6DuDUkHJ2hcnhehg0h8E0tRwCCiobSAr3lNUJJIA4H8nlqpNgmljFsYPBcEE\nweDidBsGFrnn8WLai5ibimZMGa7nnlvciVXy9njRoqOgA28pYLCMWqKebCG1Fprl\nM88AAAEBAPpR+ZRjjPawbLkO9wRly/YRfP2BeveMbtD4RFm/0FhcdkIbNKlWhhp3\n2qGzypZbQY2JsYBMmYrQRPlK3G/W+1/mvBFaedw1gaBxNTX7xqlY9CIvm6KjtTKi\nJ/dGsx5NCj/+J0hVZpc+g0pKXxIK3fCaVsLW7ALjVfKSkRH5ZxTLBthvaI3pwAWP\nLAw677pMVvD6XT7N1VSL079bakc2CWLDeIahKrlmFoMTGhfOtHxtMJhwq9doj7eA\nprfVF0oUY+/vCHOEfYW8psj97Ew6LdelfktRwc7QP+AlDGfKRA2XxvYN1YqOtEzW\nwou4aTdLodPEVQcZS62nw8lCCR/+wAkAAAAAAQID\n-----END OPENSSH PRIVATE KEY-----\n",
            "private_key_pem": "-----BEGIN RSA PRIVATE KEY-----\nMIIJKQIBAAKCAgEA8IJ9u4Y+b0YcGwCRK9/2zfD4AMlEosiz28WyMMW5IxIHjY1L\nHTK9jwSW1Fwc5VWc5Xj8s9RKbA+Q6zMgozPCFpukC+mZ6HIbLMZ6fd0HycqSSCBH\n8nv+CN0fUJk6w/mtHKMLuUGCzXPMn0cIBUmKLKzs+ohOxcgDZPJ23xU0U8QLvk0m\nYWVSpvcn4DiYsvMEgYF0UxFvO+JnM60MHWZcAiKhRnUCpPX493OvNwM6m56hq4qP\n70GQtu3etvQ1Q3tNCsV6fMbKYycQsftQ75NWiT7pyiLQo6wh0thuENeoKWqvknpY\nzet+lelYmVQ0LyGvJmv03ou7hhjUNwqpEts4rVv7m4KAqfvBZTqBk9u+ALBpGKxh\nAWNkRxi6/WazvCTigKVFFQCZ76yEdGa4UW0HkkD3fL6ItQkDClZlY79sG1w7Hv8o\nk5Z9TqKdGS2fVj8102KGCNh1/Mk1u5REf/JV3qFF/S5uemnQx+la0siIKp5O8w/K\nsXwuu+dQ7lINKk4hrm1RJHoXtvsZPvTGU17AqNY4GVuhzQJOplkPp1pHmqFm7U8o\ncjyOQqi15ed21/0vqj2j5rzw/PnzAD8i//XYn6FW0OJA9BrDgNGZ4qezL3IqUP/c\nZew0Uc9Jns9R028rTsK4dX4PpX4BYF2ciFr2ExsRfzuqNfw6YiDy7dFMEkcCAwEA\nAQKCAgAUOmVoyDmoEjV67+lFz2hqmcHCDyt+pXK7IT2DbJ3NnU6VUTToF8RpqvEk\nmzqy7yhrBGn8lfZMcGK35WzxTQEd9akud09ChZZThb33qAdnqWn0NwLWGiebhz2D\nAeA3a2Br8CqkQiZGMV8cZlT+XNkKOOEVkTFO4Sun6dyllpr4EJ0MPGDmACebc14f\nNaNiKZ5PZhvqgKTiXIBhkERclKdYZqE5082NIkL2TPyHm/Xp8MWYL+c7MECDoi4B\nJTj1nAE2zrUmmXGcNUTqM0DzZWj50hjHr3XsziVqHlnjgL/b++UYZMHjT9MtuJqD\nCtn4vNSGXr4RmZ8EAEKY/oSJ2XZCtKQeHpBRVKOfE+oNWg3DGBqOinozxKCwgrIl\nAScPjLNZkaHnHVoestJZXc/NbsO0d5Q8qK/8XnXVjwXn2qK8OFqNlGIZ7SvbcR9v\n3hjYQ/BzkjQk7SGBUtyW6A7RXKwfZSJUQoMTw/AqJiYj4RY7jSLs1GGy84n6xMLu\nx4MfraZ8F8+Jb/fAdXesw2Jdb13awdE9easOk1HpSZPmUeGQvnNHBvU2Q3EzZZRo\npLMS3S2eQiCou8n7OObEpfJz09bibK+JgAP09VaorYg9FECCu5I0cqT7X0qpUiNH\nv0+Ke7feQxKLp71kHsPnh05OulYmNu+Lm1bm3oeDUZcEFk5bgQKCAQEA9feHzADh\nV1IxANaAaZeAn7MSt8GCwpRa6OQtMYw5pn2TQk5A+rB1+UrTuXH78b5fCffQlnLc\nxc5D1nDH75oCHjKrzX6qqsc3CpVdlGazxoC/6uTFlKPoRI9oTBk6pVXsePrb/Yld\nzqxdl/3HuD/HInGjw4vEfMfydiabL6P2dlvGf+f+FP7B9Mo/uWXTByJ6yBMKAO/S\nmU2RycPZOtSCwN3oO4NSQcnaFyeF6GDSHwTS1HAIKKhtICveU1QkkgDgfyeWqk2C\naWMWxg8FwQTB4OJ0GwYWuefxYtqLmJuKZkwZrueeW9yJVfL2eNGio6ADbylgsIxa\nop5sIbUWmuUzzwKCAQEA+lH5lGOM9rBsuQ73BGXL9hF8/YF694xu0PhEWb/QWFx2\nQhs0qVaGGnfaobPKlltBjYmxgEyZitBE+Urcb9b7X+a8EVp53DWBoHE1NfvGqVj0\nIi+boqO1MqIn90azHk0KP/4nSFVmlz6DSkpfEgrd8JpWwtbsAuNV8pKREflnFMsG\n2G9ojenABY8sDDrvukxW8PpdPs3VVIvTv1tqRzYJYsN4hqEquWYWgxMaF860fG0w\nmHCr12iPt4Cmt9UXShRj7+8Ic4R9hbymyP3sTDot16V+S1HBztA/4CUMZ8pEDZfG\n9g3Vio60TNbCi7hpN0uh08RVBxlLrafDyUIJH/7ACQKCAQEA5kZz0D4SudmtHwey\n+ShptxnDsF1uuhSCd/8HgJezcXenYjA5DXofOOEhD0DziwObno1vryqiHl5ZjG3S\nATPCP9tYlO69gV043qOwFLuCG5l2E8dSYzKAxY8tKfGEwj2LQkg5pUfxlwgwJ5fk\nX072c/zIQM6dieT3zj2elB+BIpYRZLYhXi6UD0U6G6yEwO063g1VFENyeyvwDWFa\nAoXqU/5s6Sqs3ALKN1s9Nq1OitPNPi4UtVvZroDjiEgCZN6FTwYVPCOMsHWgYJS3\n4lk92fiokpREuo+3ocDRaHJWRCeC9AjMbVwvB1SMA9jf1yh7jprCdwcv44dF3NjY\n7PMgaQKCAQEA8M5HcI7MHszd6rEQxLRBH/j26tDSwK3iNTmAV26FOVvJkBKn+Hd6\nDqBaPNC/BSHI0CY0EZ6e3sE4eTGhGh4QONO4/GCzdjoq93OworwRAvzF7tUpva4L\nNCh2lhT3XyDxyVnv5E/zn2/N0Xv2NV8q3rk62bjz1ltoZTDGSipJFeGyNigGxu6l\ngTOYRjO0Rt4FjVDsvuw4W1sgWqfQd6zuHoq4uZr1hOFGqtWHdnuteT15UEyjo1e9\nWeRzfcmK3AL9mOW0lZxRPISdViGgXjxhuWBFPKPr8862hCRf6MDV8tWd2zq3wNFD\ndd/ry4md/knN5fCrc2bMPMR1Pnk+Wf8yMQKCAQBfUrcuAGB0WpiuAFech3tKpiSV\nVRuSOdPXRG7yAlv0+AQ1AdTrYnsOwc62t8gGt3t5o9QJtqTIGBxAbN4qfvcrZSko\nUek3htNe5n8sUauNivMLu/5ASMtt9IlQb1YH9eonDMmRqkttTT5UpZwof905lFJA\n9Jpv4MKOUG1MGHJAZdVte2rhD6EC0c6S23iWfsVxQqyptOw5ynXSw7AHS7FQ/SC6\nH+OjANX98fPr++iCp7SUmRGdliyUo2sIpSNlEaj9u9Djnkgz5rRF2E6bK9E/wauh\nb980qfL6dACxAUBaWliIHhBLwunfXWlxrWmsle1XCfqn99AZOI7noVyao6S+\n-----END RSA PRIVATE KEY-----\n",
            "private_key_pem_pkcs8": "-----BEGIN PRIVATE KEY-----\nMIIJQwIBADANBgkqhkiG9w0BAQEFAASCCS0wggkpAgEAAoICAQDwgn27hj5vRhwb\nAJEr3/bN8PgAyUSiyLPbxbIwxbkjEgeNjUsdMr2PBJbUXBzlVZzlePyz1EpsD5Dr\nMyCjM8IWm6QL6Znochssxnp93QfJypJIIEfye/4I3R9QmTrD+a0cowu5QYLNc8yf\nRwgFSYosrOz6iE7FyANk8nbfFTRTxAu+TSZhZVKm9yfgOJiy8wSBgXRTEW874mcz\nrQwdZlwCIqFGdQKk9fj3c683AzqbnqGrio/vQZC27d629DVDe00KxXp8xspjJxCx\n+1Dvk1aJPunKItCjrCHS2G4Q16gpaq+SeljN636V6ViZVDQvIa8ma/Tei7uGGNQ3\nCqkS2zitW/ubgoCp+8FlOoGT274AsGkYrGEBY2RHGLr9ZrO8JOKApUUVAJnvrIR0\nZrhRbQeSQPd8voi1CQMKVmVjv2wbXDse/yiTln1Oop0ZLZ9WPzXTYoYI2HX8yTW7\nlER/8lXeoUX9Lm56adDH6VrSyIgqnk7zD8qxfC6751DuUg0qTiGubVEkehe2+xk+\n9MZTXsCo1jgZW6HNAk6mWQ+nWkeaoWbtTyhyPI5CqLXl53bX/S+qPaPmvPD8+fMA\nPyL/9difoVbQ4kD0GsOA0Znip7MvcipQ/9xl7DRRz0mez1HTbytOwrh1fg+lfgFg\nXZyIWvYTGxF/O6o1/DpiIPLt0UwSRwIDAQABAoICABQ6ZWjIOagSNXrv6UXPaGqZ\nwcIPK36lcrshPYNsnc2dTpVRNOgXxGmq8SSbOrLvKGsEafyV9kxwYrflbPFNAR31\nqS53T0KFllOFvfeoB2epafQ3AtYaJ5uHPYMB4DdrYGvwKqRCJkYxXxxmVP5c2Qo4\n4RWRMU7hK6fp3KWWmvgQnQw8YOYAJ5tzXh81o2Ipnk9mG+qApOJcgGGQRFyUp1hm\noTnTzY0iQvZM/Ieb9enwxZgv5zswQIOiLgElOPWcATbOtSaZcZw1ROozQPNlaPnS\nGMevdezOJWoeWeOAv9v75RhkweNP0y24moMK2fi81IZevhGZnwQAQpj+hInZdkK0\npB4ekFFUo58T6g1aDcMYGo6KejPEoLCCsiUBJw+Ms1mRoecdWh6y0lldz81uw7R3\nlDyor/xeddWPBefaorw4Wo2UYhntK9txH2/eGNhD8HOSNCTtIYFS3JboDtFcrB9l\nIlRCgxPD8ComJiPhFjuNIuzUYbLzifrEwu7Hgx+tpnwXz4lv98B1d6zDYl1vXdrB\n0T15qw6TUelJk+ZR4ZC+c0cG9TZDcTNllGiksxLdLZ5CIKi7yfs45sSl8nPT1uJs\nr4mAA/T1VqitiD0UQIK7kjRypPtfSqlSI0e/T4p7t95DEounvWQew+eHTk66ViY2\n74ubVubeh4NRlwQWTluBAoIBAQD194fMAOFXUjEA1oBpl4CfsxK3wYLClFro5C0x\njDmmfZNCTkD6sHX5StO5cfvxvl8J99CWctzFzkPWcMfvmgIeMqvNfqqqxzcKlV2U\nZrPGgL/q5MWUo+hEj2hMGTqlVex4+tv9iV3OrF2X/ce4P8cicaPDi8R8x/J2Jpsv\no/Z2W8Z/5/4U/sH0yj+5ZdMHInrIEwoA79KZTZHJw9k61ILA3eg7g1JBydoXJ4Xo\nYNIfBNLUcAgoqG0gK95TVCSSAOB/J5aqTYJpYxbGDwXBBMHg4nQbBha55/Fi2ouY\nm4pmTBmu555b3IlV8vZ40aKjoANvKWCwjFqinmwhtRaa5TPPAoIBAQD6UfmUY4z2\nsGy5DvcEZcv2EXz9gXr3jG7Q+ERZv9BYXHZCGzSpVoYad9qhs8qWW0GNibGATJmK\n0ET5Stxv1vtf5rwRWnncNYGgcTU1+8apWPQiL5uio7Uyoif3RrMeTQo//idIVWaX\nPoNKSl8SCt3wmlbC1uwC41XykpER+WcUywbYb2iN6cAFjywMOu+6TFbw+l0+zdVU\ni9O/W2pHNgliw3iGoSq5ZhaDExoXzrR8bTCYcKvXaI+3gKa31RdKFGPv7whzhH2F\nvKbI/exMOi3XpX5LUcHO0D/gJQxnykQNl8b2DdWKjrRM1sKLuGk3S6HTxFUHGUut\np8PJQgkf/sAJAoIBAQDmRnPQPhK52a0fB7L5KGm3GcOwXW66FIJ3/weAl7Nxd6di\nMDkNeh844SEPQPOLA5uejW+vKqIeXlmMbdIBM8I/21iU7r2BXTjeo7AUu4IbmXYT\nx1JjMoDFjy0p8YTCPYtCSDmlR/GXCDAnl+RfTvZz/MhAzp2J5PfOPZ6UH4EilhFk\ntiFeLpQPRTobrITA7TreDVUUQ3J7K/ANYVoChepT/mzpKqzcAso3Wz02rU6K080+\nLhS1W9mugOOISAJk3oVPBhU8I4ywdaBglLfiWT3Z+KiSlES6j7ehwNFoclZEJ4L0\nCMxtXC8HVIwD2N/XKHuOmsJ3By/jh0Xc2Njs8yBpAoIBAQDwzkdwjswezN3qsRDE\ntEEf+Pbq0NLAreI1OYBXboU5W8mQEqf4d3oOoFo80L8FIcjQJjQRnp7ewTh5MaEa\nHhA407j8YLN2Oir3c7CivBEC/MXu1Sm9rgs0KHaWFPdfIPHJWe/kT/Ofb83Re/Y1\nXyreuTrZuPPWW2hlMMZKKkkV4bI2KAbG7qWBM5hGM7RG3gWNUOy+7DhbWyBap9B3\nrO4eiri5mvWE4Uaq1Yd2e615PXlQTKOjV71Z5HN9yYrcAv2Y5bSVnFE8hJ1WIaBe\nPGG5YEU8o+vzzraEJF/owNXy1Z3bOrfA0UN13+vLiZ3+Sc3l8KtzZsw8xHU+eT5Z\n/zIxAoIBAF9Sty4AYHRamK4AV5yHe0qmJJVVG5I509dEbvICW/T4BDUB1Otiew7B\nzra3yAa3e3mj1Am2pMgYHEBs3ip+9ytlKShR6TeG017mfyxRq42K8wu7/kBIy230\niVBvVgf16icMyZGqS21NPlSlnCh/3TmUUkD0mm/gwo5QbUwYckBl1W17auEPoQLR\nzpLbeJZ+xXFCrKm07DnKddLDsAdLsVD9ILof46MA1f3x8+v76IKntJSZEZ2WLJSj\nawilI2URqP270OOeSDPmtEXYTpsr0T/Bq6Fv3zSp8vp0ALEBQFpaWIgeEEvC6d9d\naXGtaayV7VcJ+qf30Bk4juehXJqjpL4=\n-----END PRIVATE KEY-----\n",
            "public_key_fingerprint_md5": "b5:d3:6e:e2:25:95:80:09:87:30:ba:c5:6c:a2:ef:79",
            "public_key_fingerprint_sha256": "SHA256:qVgyzUqUHkPZPIgZzCJcg/amYqkvHFx/xZuyKmgXPBs",
            "public_key_openssh": "ssh-rsa AAAAB3NzaC1yc2EAAAADAQABAAACAQDwgn27hj5vRhwbAJEr3/bN8PgAyUSiyLPbxbIwxbkjEgeNjUsdMr2PBJbUXBzlVZzlePyz1EpsD5DrMyCjM8IWm6QL6Znochssxnp93QfJypJIIEfye/4I3R9QmTrD+a0cowu5QYLNc8yfRwgFSYosrOz6iE7FyANk8nbfFTRTxAu+TSZhZVKm9yfgOJiy8wSBgXRTEW874mczrQwdZlwCIqFGdQKk9fj3c683AzqbnqGrio/vQZC27d629DVDe00KxXp8xspjJxCx+1Dvk1aJPunKItCjrCHS2G4Q16gpaq+SeljN636V6ViZVDQvIa8ma/Tei7uGGNQ3CqkS2zitW/ubgoCp+8FlOoGT274AsGkYrGEBY2RHGLr9ZrO8JOKApUUVAJnvrIR0ZrhRbQeSQPd8voi1CQMKVmVjv2wbXDse/yiTln1Oop0ZLZ9WPzXTYoYI2HX8yTW7lER/8lXeoUX9Lm56adDH6VrSyIgqnk7zD8qxfC6751DuUg0qTiGubVEkehe2+xk+9MZTXsCo1jgZW6HNAk6mWQ+nWkeaoWbtTyhyPI5CqLXl53bX/S+qPaPmvPD8+fMAPyL/9difoVbQ4kD0GsOA0Znip7MvcipQ/9xl7DRRz0mez1HTbytOwrh1fg+lfgFgXZyIWvYTGxF/O6o1/DpiIPLt0UwSRw==\n",
            "public_key_pem": "-----BEGIN PUBLIC KEY-----\nMIICIjANBgkqhkiG9w0BAQEFAAOCAg8AMIICCgKCAgEA8IJ9u4Y+b0YcGwCRK9/2\nzfD4AMlEosiz28WyMMW5IxIHjY1LHTK9jwSW1Fwc5VWc5Xj8s9RKbA+Q6zMgozPC\nFpukC+mZ6HIbLMZ6fd0HycqSSCBH8nv+CN0fUJk6w/mtHKMLuUGCzXPMn0cIBUmK\nLKzs+ohOxcgDZPJ23xU0U8QLvk0mYWVSpvcn4DiYsvMEgYF0UxFvO+JnM60MHWZc\nAiKhRnUCpPX493OvNwM6m56hq4qP70GQtu3etvQ1Q3tNCsV6fMbKYycQsftQ75NW\niT7pyiLQo6wh0thuENeoKWqvknpYzet+lelYmVQ0LyGvJmv03ou7hhjUNwqpEts4\nrVv7m4KAqfvBZTqBk9u+ALBpGKxhAWNkRxi6/WazvCTigKVFFQCZ76yEdGa4UW0H\nkkD3fL6ItQkDClZlY79sG1w7Hv8ok5Z9TqKdGS2fVj8102KGCNh1/Mk1u5REf/JV\n3qFF/S5uemnQx+la0siIKp5O8w/KsXwuu+dQ7lINKk4hrm1RJHoXtvsZPvTGU17A\nqNY4GVuhzQJOplkPp1pHmqFm7U8ocjyOQqi15ed21/0vqj2j5rzw/PnzAD8i//XY\nn6FW0OJA9BrDgNGZ4qezL3IqUP/cZew0Uc9Jns9R028rTsK4dX4PpX4BYF2ciFr2\nExsRfzuqNfw6YiDy7dFMEkcCAwEAAQ==\n-----END PUBLIC KEY-----\n",
            "rsa_bits": 4096
          },
          "sensitive_attributes": []
        }
      ]
    }
  ],
  "check_results": null
}
